
Microsoft Visual Studio Solution File, Format Version 12.00
# Visual Studio Version 17
VisualStudioVersion = 17.5.33516.290
MinimumVisualStudioVersion = 10.0.40219.1
Project("{8BC9CEB8-8B4A-11D0-8D11-00A0C91BC942}") = "DawnEngine", "DawnEngine\DawnEngine.vcxproj", "{61753843-10DE-4995-9820-8FBA94E341E3}"
EndProject
Project("{8BC9CEB8-8B4A-11D0-8D11-00A0C91BC942}") = "TestGame", "TestGame\TestGame.vcxproj", "{3A113AB8-1097-4DE5-A452-77ABEDCC4884}"
EndProject
Global
	GlobalSection(SolutionConfigurationPlatforms) = preSolution
		Debug|x64 = Debug|x64
		Release|x64 = Release|x64
	EndGlobalSection
	GlobalSection(ProjectConfigurationPlatforms) = postSolution
		{61753843-10DE-4995-9820-8FBA94E341E3}.Debug|x64.ActiveCfg = Debug|x64
		{61753843-10DE-4995-9820-8FBA94E341E3}.Debug|x64.Build.0 = Debug|x64
		{61753843-10DE-4995-9820-8FBA94E341E3}.Release|x64.ActiveCfg = Release|x64
		{61753843-10DE-4995-9820-8FBA94E341E3}.Release|x64.Build.0 = Release|x64
		{3A113AB8-1097-4DE5-A452-77ABEDCC4884}.Debug|x64.ActiveCfg = Debug|x64
		{3A113AB8-1097-4DE5-A452-77ABEDCC4884}.Debug|x64.Build.0 = Debug|x64
		{3A113AB8-1097-4DE5-A452-77ABEDCC4884}.Release|x64.ActiveCfg = Release|x64
		{3A113AB8-1097-4DE5-A452-77ABEDCC4884}.Release|x64.Build.0 = Release|x64
	EndGlobalSection
	GlobalSection(SolutionProperties) = preSolution
		HideSolutionNode = FALSE
	EndGlobalSection
	GlobalSection(ExtensibilityGlobals) = postSolution
		SolutionGuid = {BBAEF6B2-40BA-478A-BB08-1F4D7A1A6671}
	EndGlobalSection
EndGlobal
