<?xml version="1.0" encoding="utf-8"?>
<Project ToolsVersion="4.0" xmlns="http://schemas.microsoft.com/developer/msbuild/2003">
  <ItemGroup>
    <Filter Include="Dawn">
      <UniqueIdentifier>{AF05847C-9B3C-850D-4429-6B10303F010F}</UniqueIdentifier>
    </Filter>
  </ItemGroup>
  <ItemGroup>
    <ClInclude Include="src\Dawn.h" />
    <ClInclude Include="src\Dawn\Application.h">
      <Filter>Dawn</Filter>
    </ClInclude>
    <ClInclude Include="src\Dawn\Core_macros.h">
      <Filter>Dawn</Filter>
    </ClInclude>
    <ClInclude Include="src\Dawn\Window.h">
      <Filter>Dawn</Filter>
    </ClInclude>
  </ItemGroup>
  <ItemGroup>
    <ClCompile Include="src\Dawn\Application.cpp">
      <Filter>Dawn</Filter>
    </ClCompile>
    <ClCompile Include="src\Dawn\Window.cpp">
      <Filter>Dawn</Filter>
    </ClCompile>
  </ItemGroup>
</Project>